{
  "name": "svelte-app",
  "version": "1.0.0",
  "lockfileVersion": 3,
  "requires": true,
  "packages": {
    "": {
      "name": "svelte-app",
      "version": "1.0.0",
      "dependencies": {
        "lodash": "^4.17.21"
      },
      "devDependencies": {
        "@sveltejs/vite-plugin-svelte": "^2.0.3",
        "svelte": "^3.56.0",
        "svelte-moveable": "^0.44.0",
        "vite": "^4.1.4"
      }
    },
    "node_modules/@cfcs/core": {
      "version": "0.0.6",
      "resolved": "https://registry.npmjs.org/@cfcs/core/-/core-0.0.6.tgz",
      "integrity": "sha512-FxfJMwoLB8MEMConeXUCqtMGqxdtePQxRBOiGip9ULcYYam3WfCgoY6xdnMaSkYvRvmosp5iuG+TiPofm65+Pw==",
      "dev": true,
      "dependencies": {
        "@egjs/component": "^3.0.2"
      }
    },
    "node_modules/@daybrush/utils": {
      "version": "1.13.0",
      "resolved": "https://registry.npmjs.org/@daybrush/utils/-/utils-1.13.0.tgz",
      "integrity": "sha512-ALK12C6SQNNHw1enXK+UO8bdyQ+jaWNQ1Af7Z3FNxeAwjYhQT7do+TRE4RASAJ3ObaS2+TJ7TXR3oz2Gzbw0PQ==",
      "dev": true
    },
    "node_modules/@egjs/agent": {
      "version": "2.4.3",
      "resolved": "https://registry.npmjs.org/@egjs/agent/-/agent-2.4.3.tgz",
      "integrity": "sha512-XvksSENe8wPeFlEVouvrOhKdx8HMniJ3by7sro2uPF3M6QqWwjzVcmvwoPtdjiX8O1lfRoLhQMp1a7NGlVTdIA==",
      "dev": true
    },
    "node_modules/@egjs/children-differ": {
      "version": "1.0.1",
      "resolved": "https://registry.npmjs.org/@egjs/children-differ/-/children-differ-1.0.1.tgz",
      "integrity": "sha512-DRvyqMf+CPCOzAopQKHtW+X8iN6Hy6SFol+/7zCUiE5y4P/OB8JP8FtU4NxtZwtafvSL4faD5KoQYPj3JHzPFQ==",
      "dev": true,
      "dependencies": {
        "@egjs/list-differ": "^1.0.0"
      }
    },
    "node_modules/@egjs/component": {
      "version": "3.0.5",
      "resolved": "https://registry.npmjs.org/@egjs/component/-/component-3.0.5.tgz",
      "integrity": "sha512-cLcGizTrrUNA2EYE3MBmEDt2tQv1joVP1Q3oDisZ5nw0MZDx2kcgEXM+/kZpfa/PAkFvYVhRUZwytIQWoN3V/w==",
      "dev": true
    },
    "node_modules/@egjs/list-differ": {
      "version": "1.0.1",
      "resolved": "https://registry.npmjs.org/@egjs/list-differ/-/list-differ-1.0.1.tgz",
      "integrity": "sha512-OTFTDQcWS+1ZREOdCWuk5hCBgYO4OsD30lXcOCyVOAjXMhgL5rBRDnt/otb6Nz8CzU0L/igdcaQBDLWc4t9gvg==",
      "dev": true
    },
    "node_modules/@esbuild/linux-x64": {
      "version": "0.16.17",
      "cpu": [
        "x64"
      ],
      "dev": true,
      "license": "MIT",
      "optional": true,
      "os": [
        "linux"
      ],
      "engines": {
        "node": ">=12"
      }
    },
    "node_modules/@jridgewell/sourcemap-codec": {
      "version": "1.4.14",
      "dev": true,
      "license": "MIT"
    },
    "node_modules/@scena/dragscroll": {
      "version": "1.4.0",
      "resolved": "https://registry.npmjs.org/@scena/dragscroll/-/dragscroll-1.4.0.tgz",
      "integrity": "sha512-3O8daaZD9VXA9CP3dra6xcgt/qrm0mg0xJCwiX6druCteQ9FFsXffkF8PrqxY4Z4VJ58fFKEa0RlKqbsi/XnRA==",
      "dev": true,
      "dependencies": {
        "@daybrush/utils": "^1.6.0",
        "@scena/event-emitter": "^1.0.2"
      }
    },
    "node_modules/@scena/event-emitter": {
      "version": "1.0.5",
      "resolved": "https://registry.npmjs.org/@scena/event-emitter/-/event-emitter-1.0.5.tgz",
      "integrity": "sha512-AzY4OTb0+7ynefmWFQ6hxDdk0CySAq/D4efljfhtRHCOP7MBF9zUfhKG3TJiroVjASqVgkRJFdenS8ArZo6Olg==",
      "dev": true,
      "dependencies": {
        "@daybrush/utils": "^1.1.1"
      }
    },
    "node_modules/@scena/matrix": {
      "version": "1.1.1",
      "resolved": "https://registry.npmjs.org/@scena/matrix/-/matrix-1.1.1.tgz",
      "integrity": "sha512-JVKBhN0tm2Srl+Yt+Ywqu0oLgLcdemDQlD1OxmN9jaCTwaFPZ7tY8n6dhVgMEaR9qcR7r+kAlMXnSfNyYdE+Vg==",
      "dev": true,
      "dependencies": {
        "@daybrush/utils": "^1.4.0"
      }
    },
    "node_modules/@sveltejs/vite-plugin-svelte": {
      "version": "2.0.3",
      "dev": true,
      "license": "MIT",
      "dependencies": {
        "debug": "^4.3.4",
        "deepmerge": "^4.3.0",
        "kleur": "^4.1.5",
        "magic-string": "^0.29.0",
        "svelte-hmr": "^0.15.1",
        "vitefu": "^0.2.4"
      },
      "engines": {
        "node": "^14.18.0 || >= 16"
      },
      "peerDependencies": {
        "svelte": "^3.54.0",
        "vite": "^4.0.0"
      }
    },
    "node_modules/croact": {
      "version": "1.0.4",
      "resolved": "https://registry.npmjs.org/croact/-/croact-1.0.4.tgz",
      "integrity": "sha512-9GhvyzTY/IVUrMQ2iz/mzgZ8+NcjczmIo/t4FkC1CU0CEcau6v6VsEih4jkTa4ZmRgYTF0qXEZLObCzdDFplpw==",
      "dev": true,
      "dependencies": {
        "@daybrush/utils": "^1.13.0",
        "@egjs/list-differ": "^1.0.0"
      }
    },
    "node_modules/croact-css-styled": {
      "version": "1.1.9",
      "resolved": "https://registry.npmjs.org/croact-css-styled/-/croact-css-styled-1.1.9.tgz",
      "integrity": "sha512-G7yvRiVJ3Eoj0ov2h2xR4312hpOzATay2dGS9clK8yJQothjH1sBXIyvOeRP5wBKD9mPcKcoUXPCPsl0tQog4w==",
      "dev": true,
      "dependencies": {
        "@daybrush/utils": "^1.13.0",
        "css-styled": "~1.0.8",
        "framework-utils": "^1.1.0"
      }
    },
    "node_modules/croact-moveable": {
      "version": "0.8.0",
      "resolved": "https://registry.npmjs.org/croact-moveable/-/croact-moveable-0.8.0.tgz",
      "integrity": "sha512-ZjHAskafO9BC8zeIPvZKRO4ZtbEeMg92WQPYcWI2clb7Z5s/wXq5ySfqMg7uqBvZQzG/570VcCfg3j32mOIWbA==",
      "dev": true,
      "dependencies": {
        "@daybrush/utils": "^1.13.0",
        "@egjs/agent": "^2.2.1",
        "@egjs/children-differ": "^1.0.1",
        "@egjs/list-differ": "^1.0.0",
        "@scena/dragscroll": "^1.4.0",
        "@scena/event-emitter": "^1.0.5",
        "@scena/matrix": "^1.1.1",
        "croact-css-styled": "^1.1.9",
        "css-to-mat": "^1.1.1",
        "framework-utils": "^1.1.0",
        "gesto": "^1.19.0",
        "overlap-area": "^1.1.0",
        "react-css-styled": "^1.1.9",
        "react-moveable": "~0.55.0"
      },
      "peerDependencies": {
        "croact": "^1.0.4"
      }
    },
    "node_modules/css-styled": {
      "version": "1.0.8",
      "resolved": "https://registry.npmjs.org/css-styled/-/css-styled-1.0.8.tgz",
      "integrity": "sha512-tCpP7kLRI8dI95rCh3Syl7I+v7PP+2JYOzWkl0bUEoSbJM+u8ITbutjlQVf0NC2/g4ULROJPi16sfwDIO8/84g==",
      "dev": true,
      "dependencies": {
        "@daybrush/utils": "^1.13.0"
      }
    },
    "node_modules/css-to-mat": {
      "version": "1.1.1",
      "resolved": "https://registry.npmjs.org/css-to-mat/-/css-to-mat-1.1.1.tgz",
      "integrity": "sha512-kvpxFYZb27jRd2vium35G7q5XZ2WJ9rWjDUMNT36M3Hc41qCrLXFM5iEKMGXcrPsKfXEN+8l/riB4QzwwwiEyQ==",
      "dev": true,
      "dependencies": {
        "@daybrush/utils": "^1.13.0",
        "@scena/matrix": "^1.0.0"
      }
    },
    "node_modules/debug": {
      "version": "4.3.4",
      "dev": true,
      "license": "MIT",
      "dependencies": {
        "ms": "2.1.2"
      },
      "engines": {
        "node": ">=6.0"
      },
      "peerDependenciesMeta": {
        "supports-color": {
          "optional": true
        }
      }
    },
    "node_modules/deepmerge": {
      "version": "4.3.0",
      "dev": true,
      "license": "MIT",
      "engines": {
        "node": ">=0.10.0"
      }
    },
    "node_modules/esbuild": {
      "version": "0.16.17",
      "dev": true,
      "hasInstallScript": true,
      "license": "MIT",
      "bin": {
        "esbuild": "bin/esbuild"
      },
      "engines": {
        "node": ">=12"
      },
      "optionalDependencies": {
        "@esbuild/android-arm": "0.16.17",
        "@esbuild/android-arm64": "0.16.17",
        "@esbuild/android-x64": "0.16.17",
        "@esbuild/darwin-arm64": "0.16.17",
        "@esbuild/darwin-x64": "0.16.17",
        "@esbuild/freebsd-arm64": "0.16.17",
        "@esbuild/freebsd-x64": "0.16.17",
        "@esbuild/linux-arm": "0.16.17",
        "@esbuild/linux-arm64": "0.16.17",
        "@esbuild/linux-ia32": "0.16.17",
        "@esbuild/linux-loong64": "0.16.17",
        "@esbuild/linux-mips64el": "0.16.17",
        "@esbuild/linux-ppc64": "0.16.17",
        "@esbuild/linux-riscv64": "0.16.17",
        "@esbuild/linux-s390x": "0.16.17",
        "@esbuild/linux-x64": "0.16.17",
        "@esbuild/netbsd-x64": "0.16.17",
        "@esbuild/openbsd-x64": "0.16.17",
        "@esbuild/sunos-x64": "0.16.17",
        "@esbuild/win32-arm64": "0.16.17",
        "@esbuild/win32-ia32": "0.16.17",
        "@esbuild/win32-x64": "0.16.17"
      }
    },
    "node_modules/framework-utils": {
      "version": "1.1.0",
      "resolved": "https://registry.npmjs.org/framework-utils/-/framework-utils-1.1.0.tgz",
      "integrity": "sha512-KAfqli5PwpFJ8o3psRNs8svpMGyCSAe8nmGcjQ0zZBWN2H6dZDnq+ABp3N3hdUmFeMrLtjOCTXD4yplUJIWceg==",
      "dev": true
    },
    "node_modules/function-bind": {
      "version": "1.1.1",
      "dev": true,
      "license": "MIT"
    },
    "node_modules/gesto": {
      "version": "1.19.2",
      "resolved": "https://registry.npmjs.org/gesto/-/gesto-1.19.2.tgz",
      "integrity": "sha512-i6OGsrR2GN7n2dQaUhY+LZ+AAZgBNg5/1kest/ST5VRRflfVl5bSfvOkJMDmKEUrGbKF6eIDkFz/DnCXJD4UMA==",
      "dev": true,
      "dependencies": {
        "@daybrush/utils": "^1.13.0",
        "@scena/event-emitter": "^1.0.2"
      }
    },
    "node_modules/has": {
      "version": "1.0.3",
      "dev": true,
      "license": "MIT",
      "dependencies": {
        "function-bind": "^1.1.1"
      },
      "engines": {
        "node": ">= 0.4.0"
      }
    },
    "node_modules/is-core-module": {
      "version": "2.11.0",
      "dev": true,
      "license": "MIT",
      "dependencies": {
        "has": "^1.0.3"
      },
      "funding": {
        "url": "https://github.com/sponsors/ljharb"
      }
    },
    "node_modules/keycode": {
      "version": "2.2.1",
      "resolved": "https://registry.npmjs.org/keycode/-/keycode-2.2.1.tgz",
      "integrity": "sha512-Rdgz9Hl9Iv4QKi8b0OlCRQEzp4AgVxyCtz5S/+VIHezDmrDhkp2N2TqBWOLz0/gbeREXOOiI9/4b8BY9uw2vFg==",
      "dev": true
    },
    "node_modules/keycon": {
      "version": "1.4.0",
      "resolved": "https://registry.npmjs.org/keycon/-/keycon-1.4.0.tgz",
      "integrity": "sha512-p1NAIxiRMH3jYfTeXRs2uWbVJ1WpEjpi8ktzUyBJsX7/wn2qu2VRXktneBLNtKNxJmlUYxRi9gOJt1DuthXR7A==",
      "dev": true,
      "dependencies": {
        "@cfcs/core": "^0.0.6",
        "@daybrush/utils": "^1.7.1",
        "@scena/event-emitter": "^1.0.2",
        "keycode": "^2.2.0"
      }
    },
    "node_modules/kleur": {
      "version": "4.1.5",
      "dev": true,
      "license": "MIT",
      "engines": {
        "node": ">=6"
      }
    },
    "node_modules/lodash": {
      "version": "4.17.21",
      "resolved": "https://registry.npmjs.org/lodash/-/lodash-4.17.21.tgz",
      "integrity": "sha512-v2kDEe57lecTulaDIuNTPy3Ry4gLGJ6Z1O3vE1krgXZNrsQ+LFTGHVxVjcXPs17LhbZVGedAJv8XZ1tvj5FvSg=="
    },
    "node_modules/magic-string": {
      "version": "0.29.0",
      "dev": true,
      "license": "MIT",
      "dependencies": {
        "@jridgewell/sourcemap-codec": "^1.4.13"
      },
      "engines": {
        "node": ">=12"
      }
    },
    "node_modules/moveable": {
      "version": "0.52.0",
      "resolved": "https://registry.npmjs.org/moveable/-/moveable-0.52.0.tgz",
      "integrity": "sha512-rSstov/EeYyzNsIofUa6G+GxEH+AlvWMJQH6EbmuQPZ/a2Y49T5iKXMmwCYuq9N2q46Ahyhv4hGziL+Paz3lkw==",
      "dev": true,
      "dependencies": {
        "@daybrush/utils": "^1.13.0",
        "@scena/event-emitter": "^1.0.5",
        "croact": "^1.0.4",
        "croact-moveable": "~0.8.0",
        "react-moveable": "~0.55.0"
      }
    },
    "node_modules/ms": {
      "version": "2.1.2",
      "dev": true,
      "license": "MIT"
    },
    "node_modules/nanoid": {
      "version": "3.3.4",
      "dev": true,
      "license": "MIT",
      "bin": {
        "nanoid": "bin/nanoid.cjs"
      },
      "engines": {
        "node": "^10 || ^12 || ^13.7 || ^14 || >=15.0.1"
      }
    },
    "node_modules/overlap-area": {
      "version": "1.1.0",
      "resolved": "https://registry.npmjs.org/overlap-area/-/overlap-area-1.1.0.tgz",
      "integrity": "sha512-3dlJgJCaVeXH0/eZjYVJvQiLVVrPO4U1ZGqlATtx6QGO3b5eNM6+JgUKa7oStBTdYuGTk7gVoABCW6Tp+dhRdw==",
      "dev": true,
      "dependencies": {
        "@daybrush/utils": "^1.7.1"
      }
    },
    "node_modules/path-parse": {
      "version": "1.0.7",
      "dev": true,
      "license": "MIT"
    },
    "node_modules/picocolors": {
      "version": "1.0.0",
      "dev": true,
      "license": "ISC"
    },
    "node_modules/postcss": {
      "version": "8.4.21",
      "dev": true,
      "funding": [
        {
          "type": "opencollective",
          "url": "https://opencollective.com/postcss/"
        },
        {
          "type": "tidelift",
          "url": "https://tidelift.com/funding/github/npm/postcss"
        }
      ],
      "license": "MIT",
      "dependencies": {
        "nanoid": "^3.3.4",
        "picocolors": "^1.0.0",
        "source-map-js": "^1.0.2"
      },
      "engines": {
        "node": "^10 || ^12 || >=14"
      }
    },
    "node_modules/react-css-styled": {
      "version": "1.1.9",
      "resolved": "https://registry.npmjs.org/react-css-styled/-/react-css-styled-1.1.9.tgz",
      "integrity": "sha512-M7fJZ3IWFaIHcZEkoFOnkjdiUFmwd8d+gTh2bpqMOcnxy/0Gsykw4dsL4QBiKsxcGow6tETUa4NAUcmJF+/nfw==",
      "dev": true,
      "dependencies": {
        "css-styled": "~1.0.8",
        "framework-utils": "^1.1.0"
      }
    },
    "node_modules/react-moveable": {
      "version": "0.55.0",
      "resolved": "https://registry.npmjs.org/react-moveable/-/react-moveable-0.55.0.tgz",
      "integrity": "sha512-k2tyuD7wtKL3E0j/zsFm8x1rKFDMMtQSrUxTka9C3MDm8Hw5BKFZWOCWiRtCIUdWyCCOxDuzfDB3cd1mCq3DNA==",
      "dev": true,
      "dependencies": {
        "@daybrush/utils": "^1.13.0",
        "@egjs/agent": "^2.2.1",
        "@egjs/children-differ": "^1.0.1",
        "@egjs/list-differ": "^1.0.0",
        "@scena/dragscroll": "^1.4.0",
        "@scena/event-emitter": "^1.0.5",
        "@scena/matrix": "^1.1.1",
        "css-to-mat": "^1.1.1",
        "framework-utils": "^1.1.0",
        "gesto": "^1.19.0",
        "overlap-area": "^1.1.0",
        "react-css-styled": "^1.1.9",
        "react-selecto": "^1.25.0"
      }
    },
    "node_modules/react-selecto": {
      "version": "1.26.0",
      "resolved": "https://registry.npmjs.org/react-selecto/-/react-selecto-1.26.0.tgz",
      "integrity": "sha512-aBTZEYA68uE+o8TytNjTb2GpIn4oKEv0U4LIow3cspJQlF/PdAnBwkq9UuiKVuFluu5kfLQ7Keu3S2Tihlmw0g==",
      "dev": true,
      "dependencies": {
        "selecto": "~1.26.0"
      }
    },
    "node_modules/resolve": {
      "version": "1.22.1",
      "dev": true,
      "license": "MIT",
      "dependencies": {
        "is-core-module": "^2.9.0",
        "path-parse": "^1.0.7",
        "supports-preserve-symlinks-flag": "^1.0.0"
      },
      "bin": {
        "resolve": "bin/resolve"
      },
      "funding": {
        "url": "https://github.com/sponsors/ljharb"
      }
    },
    "node_modules/rollup": {
      "version": "3.19.1",
      "dev": true,
      "license": "MIT",
      "bin": {
        "rollup": "dist/bin/rollup"
      },
      "engines": {
        "node": ">=14.18.0",
        "npm": ">=8.0.0"
      },
      "optionalDependencies": {
        "fsevents": "~2.3.2"
      }
    },
    "node_modules/selecto": {
      "version": "1.26.0",
      "resolved": "https://registry.npmjs.org/selecto/-/selecto-1.26.0.tgz",
      "integrity": "sha512-cEFKdv5rmkF6pf2OScQJllaNp4UJy/FvviB40ZaMSHrQCxC72X/Q6uhzW1tlb2RE+0danvUNJTs64cI9VXtUyg==",
      "dev": true,
      "dependencies": {
        "@daybrush/utils": "^1.13.0",
        "@egjs/children-differ": "^1.0.1",
        "@scena/dragscroll": "^1.4.0",
        "@scena/event-emitter": "^1.0.5",
        "css-styled": "^1.0.8",
        "css-to-mat": "^1.1.1",
        "framework-utils": "^1.1.0",
        "gesto": "^1.19.1",
        "keycon": "^1.2.0",
        "overlap-area": "^1.1.0"
      }
    },
    "node_modules/source-map-js": {
      "version": "1.0.2",
      "dev": true,
      "license": "BSD-3-Clause",
      "engines": {
        "node": ">=0.10.0"
      }
    },
    "node_modules/supports-preserve-symlinks-flag": {
      "version": "1.0.0",
      "dev": true,
      "license": "MIT",
      "engines": {
        "node": ">= 0.4"
      },
      "funding": {
        "url": "https://github.com/sponsors/ljharb"
      }
    },
    "node_modules/svelte": {
      "version": "3.56.0",
      "dev": true,
      "license": "MIT",
      "engines": {
        "node": ">= 8"
      }
    },
    "node_modules/svelte-hmr": {
      "version": "0.15.1",
      "dev": true,
      "license": "ISC",
      "engines": {
        "node": "^12.20 || ^14.13.1 || >= 16"
      },
      "peerDependencies": {
        "svelte": ">=3.19.0"
      }
    },
    "node_modules/svelte-moveable": {
      "version": "0.44.0",
      "resolved": "https://registry.npmjs.org/svelte-moveable/-/svelte-moveable-0.44.0.tgz",
      "integrity": "sha512-EVrishR9fH0Z8EQHCibedFcdy4Y6vaFnM6CBgZztjlMaxDbkw/Yt/AlqF7sDZpmUMbf77/WDRZ6qmYmQpGt3wQ==",
      "dev": true,
      "dependencies": {
        "framework-utils": "^1.1.0",
        "moveable": "~0.52.0"
      },
      "peerDependencies": {
        "svelte": "^3.54.0 || ^4.0.0"
      }
    },
    "node_modules/vite": {
      "version": "4.1.4",
      "dev": true,
      "license": "MIT",
      "dependencies": {
        "esbuild": "^0.16.14",
        "postcss": "^8.4.21",
        "resolve": "^1.22.1",
        "rollup": "^3.10.0"
      },
      "bin": {
        "vite": "bin/vite.js"
      },
      "engines": {
        "node": "^14.18.0 || >=16.0.0"
      },
      "optionalDependencies": {
        "fsevents": "~2.3.2"
      },
      "peerDependencies": {
        "@types/node": ">= 14",
        "less": "*",
        "sass": "*",
        "stylus": "*",
        "sugarss": "*",
        "terser": "^5.4.0"
      },
      "peerDependenciesMeta": {
        "@types/node": {
          "optional": true
        },
        "less": {
          "optional": true
        },
        "sass": {
          "optional": true
        },
        "stylus": {
          "optional": true
        },
        "sugarss": {
          "optional": true
        },
        "terser": {
          "optional": true
        }
      }
    },
    "node_modules/vitefu": {
      "version": "0.2.4",
      "dev": true,
      "license": "MIT",
      "peerDependencies": {
        "vite": "^3.0.0 || ^4.0.0"
      },
      "peerDependenciesMeta": {
        "vite": {
          "optional": true
        }
      }
    }
  }
}
